
Microsoft Visual Studio Solution File, Format Version 12.00
# Visual Studio Version 17
VisualStudioVersion = 17.14.36221.1 d17.14
MinimumVisualStudioVersion = 10.0.40219.1
Project("{54A90642-561A-4BB1-A94E-469ADEE60C69}") = "companyapp.client", "companyapp.client\companyapp.client.esproj", "{203EF9D9-2400-64D8-AD85-79718D1C4807}"
EndProject
Project("{FAE04EC0-301F-11D3-BF4B-00C04F79EFBC}") = "companyApp.Server", "companyApp.Server\companyApp.Server.csproj", "{A1641B92-C1C5-4AC1-B4E7-30FACDB69DA5}"
EndProject
Global
	GlobalSection(SolutionConfigurationPlatforms) = preSolution
		Debug|Any CPU = Debug|Any CPU
		Release|Any CPU = Release|Any CPU
	EndGlobalSection
	GlobalSection(ProjectConfigurationPlatforms) = postSolution
		{203EF9D9-2400-64D8-AD85-79718D1C4807}.Debug|Any CPU.ActiveCfg = Debug|Any CPU
		{203EF9D9-2400-64D8-AD85-79718D1C4807}.Debug|Any CPU.Build.0 = Debug|Any CPU
		{203EF9D9-2400-64D8-AD85-79718D1C4807}.Debug|Any CPU.Deploy.0 = Debug|Any CPU
		{203EF9D9-2400-64D8-AD85-79718D1C4807}.Release|Any CPU.ActiveCfg = Release|Any CPU
		{203EF9D9-2400-64D8-AD85-79718D1C4807}.Release|Any CPU.Build.0 = Release|Any CPU
		{203EF9D9-2400-64D8-AD85-79718D1C4807}.Release|Any CPU.Deploy.0 = Release|Any CPU
		{A1641B92-C1C5-4AC1-B4E7-30FACDB69DA5}.Debug|Any CPU.ActiveCfg = Debug|Any CPU
		{A1641B92-C1C5-4AC1-B4E7-30FACDB69DA5}.Debug|Any CPU.Build.0 = Debug|Any CPU
		{A1641B92-C1C5-4AC1-B4E7-30FACDB69DA5}.Release|Any CPU.ActiveCfg = Release|Any CPU
		{A1641B92-C1C5-4AC1-B4E7-30FACDB69DA5}.Release|Any CPU.Build.0 = Release|Any CPU
	EndGlobalSection
	GlobalSection(SolutionProperties) = preSolution
		HideSolutionNode = FALSE
	EndGlobalSection
	GlobalSection(ExtensibilityGlobals) = postSolution
		SolutionGuid = {91BC04B7-008F-4E20-AB72-AE85D9881543}
	EndGlobalSection
EndGlobal
